{
    "_readme": [
        "This file locks the dependencies of your project to a known state",
        "Read more about it at https://getcomposer.org/doc/01-basic-usage.md#installing-dependencies",
        "This file is @generated automatically"
    ],
    "content-hash": "86191a89e4edbe67aec57296969eb494",
    "packages": [
        {
            "name": "wpmetabox/meta-box",
            "version": "5.2.2",
            "source": {
                "type": "git",
                "url": "https://github.com/wpmetabox/meta-box.git",
                "reference": "1ae16d47a23bf4e59244f48e61f29dba7e6069dc"
            },
            "dist": {
                "type": "zip",
                "url": "https://api.github.com/repos/wpmetabox/meta-box/zipball/1ae16d47a23bf4e59244f48e61f29dba7e6069dc",
                "reference": "1ae16d47a23bf4e59244f48e61f29dba7e6069dc",
                "shasum": ""
            },
            "type": "library",
            "autoload": {
                "files": [
                    "meta-box.php"
                ]
            },
            "notification-url": "https://packagist.org/downloads/",
            "license": [
                "GPL-2.0"
            ],
            "authors": [
                {
                    "name": "Tran Ngoc Tuan Anh",
                    "email": "anhtnt@elightup.com",
                    "homepage": "https://deluxeblogtips.com",
                    "role": "Developer"
                }
            ],
            "description": "A powerful, professional developer toolkit to create custom meta boxes and custom fields for WordPress websites.",
            "homepage": "https://metabox.io",
            "keywords": [
                "custom-field",
                "meta-box",
                "select2",
                "ui",
                "wordpress",
                "wordpress-plugin",
                "wp-admin"
            ],
            "time": "2019-10-09T08:36:43+00:00"
        },
        {
            "name": "wptrt/admin-notices",
            "version": "v1.0.2",
            "source": {
                "type": "git",
                "url": "https://github.com/WPTRT/admin-notices.git",
                "reference": "e7273bc32ac7a8f3e441e9899baedd776bc53b2a"
            },
            "dist": {
                "type": "zip",
                "url": "https://api.github.com/repos/WPTRT/admin-notices/zipball/e7273bc32ac7a8f3e441e9899baedd776bc53b2a",
                "reference": "e7273bc32ac7a8f3e441e9899baedd776bc53b2a",
                "shasum": ""
            },
            "require": {
                "php": ">=5.6"
            },
            "type": "library",
            "autoload": {
                "psr-4": {
                    "WPTRT\\AdminNotices\\": "src/"
                }
            },
            "notification-url": "https://packagist.org/downloads/",
            "license": [
                "GPL-2.0-or-later"
            ],
            "authors": [
                {
                    "name": "WordPress.org Theme Review Team",
                    "email": "themes@wordpress.org",
                    "homepage": "https://make.wordpress.org/themes",
                    "role": "Developer"
                }
            ],
            "description": "A class to create admin-notices for the WordPress dashboard.",
            "homepage": "https://github.com/WPTRT/admin-notices",
            "keywords": [
                "wordpress"
            ],
            "time": "2019-09-22T14:52:04+00:00"
        }
    ],
    "packages-dev": [],
    "aliases": [],
    "minimum-stability": "stable",
    "stability-flags": [],
    "prefer-stable": false,
    "prefer-lowest": false,
    "platform": [],
    "platform-dev": []
}
