{
    "_readme": [
        "This file locks the dependencies of your project to a known state",
        "Read more about it at https://getcomposer.org/doc/01-basic-usage.md#installing-dependencies",
        "This file is @generated automatically"
    ],
    "content-hash": "e5e8b124f5ca96a18faa818803d6502d",
    "packages": [
        {
            "name": "boospot/boo-settings-helper",
            "version": "5.3",
            "source": {
                "type": "git",
                "url": "https://github.com/boospot/boo-settings-helper.git",
                "reference": "4162074a51309ccd045d63c3c1b36f0fb4830ebd"
            },
            "dist": {
                "type": "zip",
                "url": "https://api.github.com/repos/boospot/boo-settings-helper/zipball/4162074a51309ccd045d63c3c1b36f0fb4830ebd",
                "reference": "4162074a51309ccd045d63c3c1b36f0fb4830ebd",
                "shasum": ""
            },
            "type": "library",
            "extra": {
                "branch-alias": {
                    "dev-master": "5.x-dev"
                }
            },
            "autoload": {
                "files": [
                    "class-boo-settings-helper.php"
                ]
            },
            "notification-url": "https://packagist.org/downloads/",
            "license": [
                "GPL-2.0"
            ],
            "authors": [
                {
                    "name": "Rao Abid Ali",
                    "email": "rao@booskills.com",
                    "homepage": "https://booskills.com",
                    "role": "Developer"
                }
            ],
            "description": "Helper class that lets you create options settings page securely and swiftly without dealing with WordPress Settings API.",
            "homepage": "https://github.com/boospot/boo-settings-helper",
            "keywords": [
                "plugin options",
                "plugin settings",
                "settings page",
                "wordpress",
                "wordpress-plugin",
                "wp-admin"
            ],
            "support": {
                "issues": "https://github.com/boospot/boo-settings-helper/issues",
                "source": "https://github.com/boospot/boo-settings-helper/tree/5.3"
            },
            "time": "2021-05-29T10:10:06+00:00"
        },
        {
            "name": "composer/installers",
            "version": "v2.3.0",
            "source": {
                "type": "git",
                "url": "https://github.com/composer/installers.git",
                "reference": "12fb2dfe5e16183de69e784a7b84046c43d97e8e"
            },
            "dist": {
                "type": "zip",
                "url": "https://api.github.com/repos/composer/installers/zipball/12fb2dfe5e16183de69e784a7b84046c43d97e8e",
                "reference": "12fb2dfe5e16183de69e784a7b84046c43d97e8e",
                "shasum": ""
            },
            "require": {
                "composer-plugin-api": "^1.0 || ^2.0",
                "php": "^7.2 || ^8.0"
            },
            "require-dev": {
                "composer/composer": "^1.10.27 || ^2.7",
                "composer/semver": "^1.7.2 || ^3.4.0",
                "phpstan/phpstan": "^1.11",
                "phpstan/phpstan-phpunit": "^1",
                "symfony/phpunit-bridge": "^7.1.1",
                "symfony/process": "^5 || ^6 || ^7"
            },
            "type": "composer-plugin",
            "extra": {
                "class": "Composer\\Installers\\Plugin",
                "branch-alias": {
                    "dev-main": "2.x-dev"
                },
                "plugin-modifies-install-path": true
            },
            "autoload": {
                "psr-4": {
                    "Composer\\Installers\\": "src/Composer/Installers"
                }
            },
            "notification-url": "https://packagist.org/downloads/",
            "license": [
                "MIT"
            ],
            "authors": [
                {
                    "name": "Kyle Robinson Young",
                    "email": "kyle@dontkry.com",
                    "homepage": "https://github.com/shama"
                }
            ],
            "description": "A multi-framework Composer library installer",
            "homepage": "https://composer.github.io/installers/",
            "keywords": [
                "Dolibarr",
                "Eliasis",
                "Hurad",
                "ImageCMS",
                "Kanboard",
                "Lan Management System",
                "MODX Evo",
                "MantisBT",
                "Mautic",
                "Maya",
                "OXID",
                "Plentymarkets",
                "Porto",
                "RadPHP",
                "SMF",
                "Starbug",
                "Thelia",
                "Whmcs",
                "WolfCMS",
                "agl",
                "annotatecms",
                "attogram",
                "bitrix",
                "cakephp",
                "chef",
                "cockpit",
                "codeigniter",
                "concrete5",
                "concreteCMS",
                "croogo",
                "dokuwiki",
                "drupal",
                "eZ Platform",
                "elgg",
                "expressionengine",
                "fuelphp",
                "grav",
                "installer",
                "itop",
                "known",
                "kohana",
                "laravel",
                "lavalite",
                "lithium",
                "magento",
                "majima",
                "mako",
                "matomo",
                "mediawiki",
                "miaoxing",
                "modulework",
                "modx",
                "moodle",
                "osclass",
                "pantheon",
                "phpbb",
                "piwik",
                "ppi",
                "processwire",
                "puppet",
                "pxcms",
                "reindex",
                "roundcube",
                "shopware",
                "silverstripe",
                "sydes",
                "sylius",
                "tastyigniter",
                "wordpress",
                "yawik",
                "zend",
                "zikula"
            ],
            "support": {
                "issues": "https://github.com/composer/installers/issues",
                "source": "https://github.com/composer/installers/tree/v2.3.0"
            },
            "funding": [
                {
                    "url": "https://packagist.com",
                    "type": "custom"
                },
                {
                    "url": "https://github.com/composer",
                    "type": "github"
                },
                {
                    "url": "https://tidelift.com/funding/github/packagist/composer/composer",
                    "type": "tidelift"
                }
            ],
            "time": "2024-06-24T20:46:46+00:00"
        },
        {
            "name": "wpackagist-plugin/meta-box",
            "version": "5.10.11",
            "source": {
                "type": "svn",
                "url": "https://plugins.svn.wordpress.org/meta-box/",
                "reference": "tags/5.10.11"
            },
            "dist": {
                "type": "zip",
                "url": "https://downloads.wordpress.org/plugin/meta-box.5.10.11.zip"
            },
            "require": {
                "composer/installers": "^1.0 || ^2.0"
            },
            "type": "wordpress-plugin",
            "homepage": "https://wordpress.org/plugins/meta-box/"
        },
        {
            "name": "wptrt/admin-notices",
            "version": "v1.0.4",
            "source": {
                "type": "git",
                "url": "https://github.com/WPTT/admin-notices.git",
                "reference": "1df860950b4198cc93e867873b1b571b51f908b0"
            },
            "dist": {
                "type": "zip",
                "url": "https://api.github.com/repos/WPTT/admin-notices/zipball/1df860950b4198cc93e867873b1b571b51f908b0",
                "reference": "1df860950b4198cc93e867873b1b571b51f908b0",
                "shasum": ""
            },
            "require": {
                "php": ">=5.6"
            },
            "require-dev": {
                "dealerdirect/phpcodesniffer-composer-installer": "^0.6.2",
                "php": "~7.1",
                "szepeviktor/phpstan-wordpress": "^0.6.0",
                "wp-coding-standards/wpcs": "^2.3"
            },
            "type": "library",
            "autoload": {
                "psr-4": {
                    "WPTRT\\AdminNotices\\": "src/"
                }
            },
            "notification-url": "https://packagist.org/downloads/",
            "license": [
                "GPL-2.0-or-later"
            ],
            "authors": [
                {
                    "name": "WordPress.org Theme Review Team",
                    "email": "themes@wordpress.org",
                    "homepage": "https://make.wordpress.org/themes",
                    "role": "Developer"
                }
            ],
            "description": "A class to create admin-notices for the WordPress dashboard.",
            "homepage": "https://github.com/WPTRT/admin-notices",
            "keywords": [
                "wordpress"
            ],
            "support": {
                "issues": "https://github.com/WPTRT/admin-notices/issues",
                "source": "https://github.com/WPTT/admin-notices/tree/v1.0.4"
            },
            "time": "2023-10-06T03:42:42+00:00"
        }
    ],
    "packages-dev": [],
    "aliases": [],
    "minimum-stability": "stable",
    "stability-flags": [],
    "prefer-stable": true,
    "prefer-lowest": false,
    "platform": {
        "php": ">=8.0"
    },
    "platform-dev": [],
    "plugin-api-version": "2.2.0"
}
